
Microsoft Visual Studio Solution File, Format Version 12.00
# Visual Studio Version 16
VisualStudioVersion = 16.0.30907.101
MinimumVisualStudioVersion = 10.0.40219.1
Project("{FAE04EC0-301F-11D3-BF4B-00C04F79EFBC}") = "RockPaperScissors", "RockPaperScissors.csproj", "{294B457E-4D8B-40EB-A8D4-FB42DDD1B707}"
EndProject
Global
	GlobalSection(SolutionConfigurationPlatforms) = preSolution
		Debug|Any CPU = Debug|Any CPU
		Release|Any CPU = Release|Any CPU
	EndGlobalSection
	GlobalSection(ProjectConfigurationPlatforms) = postSolution
		{294B457E-4D8B-40EB-A8D4-FB42DDD1B707}.Debug|Any CPU.ActiveCfg = Debug|Any CPU
		{294B457E-4D8B-40EB-A8D4-FB42DDD1B707}.Debug|Any CPU.Build.0 = Debug|Any CPU
		{294B457E-4D8B-40EB-A8D4-FB42DDD1B707}.Release|Any CPU.ActiveCfg = Release|Any CPU
		{294B457E-4D8B-40EB-A8D4-FB42DDD1B707}.Release|Any CPU.Build.0 = Release|Any CPU
	EndGlobalSection
	GlobalSection(SolutionProperties) = preSolution
		HideSolutionNode = FALSE
	EndGlobalSection
	GlobalSection(ExtensibilityGlobals) = postSolution
		SolutionGuid = {426780DF-B828-4AC3-9B22-C054B7C2A80A}
	EndGlobalSection
EndGlobal
